<?xml version="1.0" encoding="utf-8"?>
<Project ToolsVersion="4.0" xmlns="http://schemas.microsoft.com/developer/msbuild/2003">
  <ItemGroup>
    <Filter Include="Resource Files">
      <UniqueIdentifier>{D9D6E242-F8AF-46E4-B9FD-80ECBC20BA3E}</UniqueIdentifier>
      <Extensions>qrc;*</Extensions>
      <ParseFiles>false</ParseFiles>
    </Filter>
    <Filter Include="Generated Files">
      <UniqueIdentifier>{71ED8ED8-ACB9-4CE9-BBE1-E00B30144E11}</UniqueIdentifier>
      <Extensions>moc;h;cpp</Extensions>
      <SourceControlFiles>False</SourceControlFiles>
    </Filter>
    <Filter Include="Generated Files\Release">
      <UniqueIdentifier>{1528ed92-402b-4dd0-966f-39904b08dd91}</UniqueIdentifier>
      <Extensions>cpp;moc</Extensions>
      <SourceControlFiles>False</SourceControlFiles>
    </Filter>
    <Filter Include="Generated Files\Debug">
      <UniqueIdentifier>{8e618338-09b7-406c-beb0-3b955aec911d}</UniqueIdentifier>
      <Extensions>cpp;moc</Extensions>
      <SourceControlFiles>False</SourceControlFiles>
    </Filter>
  </ItemGroup>
  <ItemGroup>
    <ResourceCompile Include="DiskMasterTool.rc">
      <Filter>Resource Files</Filter>
    </ResourceCompile>
  </ItemGroup>
  <ItemGroup>
    <ClCompile Include="GeneratedFiles\Release\moc_common.cpp">
      <Filter>Generated Files\Release</Filter>
    </ClCompile>
    <ClCompile Include="GeneratedFiles\Release\moc_diskmastertool.cpp">
      <Filter>Generated Files\Release</Filter>
    </ClCompile>
    <ClCompile Include="GeneratedFiles\Release\moc_faderwidget.cpp">
      <Filter>Generated Files\Release</Filter>
    </ClCompile>
    <ClCompile Include="GeneratedFiles\Release\moc_printview.cpp">
      <Filter>Generated Files\Release</Filter>
    </ClCompile>
    <ClCompile Include="GeneratedFiles\Release\moc_QNotificatorPnP.cpp">
      <Filter>Generated Files\Release</Filter>
    </ClCompile>
    <ClCompile Include="GeneratedFiles\Release\moc_verifywidget.cpp">
      <Filter>Generated Files\Release</Filter>
    </ClCompile>
    <ClCompile Include="GeneratedFiles\Debug\moc_common.cpp">
      <Filter>Generated Files\Debug</Filter>
    </ClCompile>
    <ClCompile Include="GeneratedFiles\Debug\moc_diskmastertool.cpp">
      <Filter>Generated Files\Debug</Filter>
    </ClCompile>
    <ClCompile Include="GeneratedFiles\Debug\moc_faderwidget.cpp">
      <Filter>Generated Files\Debug</Filter>
    </ClCompile>
    <ClCompile Include="GeneratedFiles\Debug\moc_printview.cpp">
      <Filter>Generated Files\Debug</Filter>
    </ClCompile>
    <ClCompile Include="GeneratedFiles\Debug\moc_QNotificatorPnP.cpp">
      <Filter>Generated Files\Debug</Filter>
    </ClCompile>
    <ClCompile Include="GeneratedFiles\Debug\moc_verifywidget.cpp">
      <Filter>Generated Files\Debug</Filter>
    </ClCompile>
    <ClCompile Include="common.cpp" />
    <ClCompile Include="disk.cpp" />
    <ClCompile Include="diskmastertool.cpp" />
    <ClCompile Include="EventEx.cpp" />
    <ClCompile Include="ExceptionEx.cpp" />
    <ClCompile Include="faderwidget.cpp" />
    <ClCompile Include="main.cpp" />
    <ClCompile Include="GeneratedFiles\Release\moc_usb_chip.cpp" />
    <ClCompile Include="GeneratedFiles\Debug\moc_usb_chip.cpp" />
    <ClCompile Include="printview.cpp" />
    <ClCompile Include="QNotificatorPnP.cpp" />
    <ClCompile Include="GeneratedFiles\qrc_diskmastertool.cpp" />
    <ClCompile Include="usb_chip.cpp" />
    <ClCompile Include="verifywidget.cpp" />
  </ItemGroup>
  <ItemGroup>
    <CustomBuild Include="233.png">
      <Filter>Resource Files</Filter>
    </CustomBuild>
    <CustomBuild Include="chip.png">
      <Filter>Resource Files</Filter>
    </CustomBuild>
    <CustomBuild Include="chip_hide.png">
      <Filter>Resource Files</Filter>
    </CustomBuild>
    <CustomBuild Include="ChipOpenOk.png">
      <Filter>Resource Files</Filter>
    </CustomBuild>
    <CustomBuild Include="clear.png">
      <Filter>Resource Files</Filter>
    </CustomBuild>
    <CustomBuild Include="DiskMasterTool.qrc">
      <Filter>Resource Files</Filter>
    </CustomBuild>
    <CustomBuild Include="DiskMasterTool.ui">
      <Filter>Resource Files</Filter>
    </CustomBuild>
    <CustomBuild Include="DiskVerify.png">
      <Filter>Resource Files</Filter>
    </CustomBuild>
    <CustomBuild Include="download.png">
      <Filter>Resource Files</Filter>
    </CustomBuild>
    <CustomBuild Include="err.png">
      <Filter>Resource Files</Filter>
    </CustomBuild>
    <CustomBuild Include="Error.png">
      <Filter>Resource Files</Filter>
    </CustomBuild>
    <CustomBuild Include="Goodshield.png">
      <Filter>Resource Files</Filter>
    </CustomBuild>
    <CustomBuild Include="kchart.png">
      <Filter>Resource Files</Filter>
    </CustomBuild>
    <CustomBuild Include="new.png">
      <Filter>Resource Files</Filter>
    </CustomBuild>
    <CustomBuild Include="ok.png">
      <Filter>Resource Files</Filter>
    </CustomBuild>
    <CustomBuild Include="open.png">
      <Filter>Resource Files</Filter>
    </CustomBuild>
    <CustomBuild Include="pause.png">
      <Filter>Resource Files</Filter>
    </CustomBuild>
    <CustomBuild Include="print.png">
      <Filter>Resource Files</Filter>
    </CustomBuild>
    <CustomBuild Include="refresh.png">
      <Filter>Resource Files</Filter>
    </CustomBuild>
    <CustomBuild Include="run.png">
      <Filter>Resource Files</Filter>
    </CustomBuild>
    <CustomBuild Include="save.png">
      <Filter>Resource Files</Filter>
    </CustomBuild>
    <CustomBuild Include="stop.png">
      <Filter>Resource Files</Filter>
    </CustomBuild>
    <CustomBuild Include="Warning.png">
      <Filter>Resource Files</Filter>
    </CustomBuild>
    <CustomBuild Include="common.h" />
    <CustomBuild Include="diskmastertool.h" />
    <CustomBuild Include="faderwidget.h" />
    <CustomBuild Include="printview.h" />
    <CustomBuild Include="QNotificatorPnP.h" />
    <CustomBuild Include="usb_chip.h" />
    <CustomBuild Include="verifywidget.h" />
    <CustomBuild Include="FTChipID.lib" />
    <CustomBuild Include="FTD2XX.lib" />
    <CustomBuild Include="diskmastertool.ico">
      <Filter>Resource Files</Filter>
    </CustomBuild>
    <CustomBuild Include="resource.h" />
    <CustomBuild Include="GeneratedFiles\ui_diskmastertool.h" />
    <CustomBuild Include="disk.h" />
    <CustomBuild Include="EventEx.h" />
    <CustomBuild Include="ExceptionEx.h" />
    <CustomBuild Include="FTChipID.h" />
    <CustomBuild Include="FTD2XX.H" />
  </ItemGroup>
</Project>