
Microsoft Visual Studio Solution File, Format Version 12.00
# Visual Studio 2012
Project("{8BC9CEB8-8B4A-11D0-8D11-00A0C91BC942}") = "DiskMasterLib", "src\DiskMasterLib\DiskMasterLib.vcxproj", "{B12702AD-ABFB-343A-A199-8E24837244A3}"
EndProject
Project("{8BC9CEB8-8B4A-11D0-8D11-00A0C91BC942}") = "StructuredStorageReader", "StructuredStorageReader\StructuredStorageReader.vcxproj", "{511F9F74-A60A-472A-94A3-E5C9767868D5}"
EndProject
Project("{8BC9CEB8-8B4A-11D0-8D11-00A0C91BC942}") = "IOLibraryTest", "IOLibraryTest\IOLibraryTest.vcxproj", "{DFA3196A-BBD0-4323-8F80-8E1A7CE9CF33}"
EndProject
Project("{8BC9CEB8-8B4A-11D0-8D11-00A0C91BC942}") = "DiskMasterTest", "..\..\Visual Studio 2010\Projects\DiskMasterTest\DiskMasterTest.vcxproj", "{13BDC3ED-FB39-4E7C-B312-18B57EC3A918}"
EndProject
Project("{8BC9CEB8-8B4A-11D0-8D11-00A0C91BC942}") = "PdfChecker", "PdfChecker\PdfChecker.vcxproj", "{25E7C402-13A6-4865-87A0-37675EABA997}"
EndProject
Project("{8BC9CEB8-8B4A-11D0-8D11-00A0C91BC942}") = "libpdf", "src\libpdf\libpdf.vcxproj", "{5E05A079-7111-4CCC-89E3-CD5CC0788963}"
EndProject
Project("{8BC9CEB8-8B4A-11D0-8D11-00A0C91BC942}") = "DeviceLibrary", "src\DeviceLibrary\DeviceLibrary.vcxproj", "{2B91C571-7B0A-46A8-BAAD-3F849FE2338A}"
EndProject
Project("{8BC9CEB8-8B4A-11D0-8D11-00A0C91BC942}") = "IOLibrary", "src\IOLibrary\IOLibrary.vcxproj", "{C0525921-31E3-4E1A-B7B6-4EA88D4DE419}"
EndProject
Project("{8BC9CEB8-8B4A-11D0-8D11-00A0C91BC942}") = "GatherSector", "src\GatherSector\GatherSector.vcxproj", "{AC200C95-72B6-4C34-9FAC-ABEAF628F0E6}"
EndProject
Project("{8BC9CEB8-8B4A-11D0-8D11-00A0C91BC942}") = "Imager", "src\Imager\Imager.vcxproj", "{87F9825E-7673-4304-8976-EB2F252F049A}"
EndProject
Project("{8BC9CEB8-8B4A-11D0-8D11-00A0C91BC942}") = "dtm", "src\dtm\dtm.vcxproj", "{C451B79E-006F-4C14-AE6B-6DC753D32198}"
EndProject
Project("{8BC9CEB8-8B4A-11D0-8D11-00A0C91BC942}") = "DiskMasterTool", "DiskMasterTool\DiskMaster.vcxproj", "{C4C8830E-1BE0-437F-B795-0AB2B2955C24}"
EndProject
Project("{2150E333-8FDC-42A3-9474-1A3956D46DE8}") = "Testing", "Testing", "{F5AEE42D-9C64-40AF-95C9-C830A93F32C4}"
EndProject
Project("{8BC9CEB8-8B4A-11D0-8D11-00A0C91BC942}") = "WidgetLibrary", "WidgetLibrary\WidgetLibrary.vcxproj", "{87233F5B-1A11-4FB4-971D-904274BAE0CC}"
EndProject
Project("{8BC9CEB8-8B4A-11D0-8D11-00A0C91BC942}") = "DiskMastetLibTest", "test\DiskMastetLibTest\DiskMastetLibTest.vcxproj", "{63F561C5-691A-437B-8514-7391316E93F8}"
EndProject
Project("{8BC9CEB8-8B4A-11D0-8D11-00A0C91BC942}") = "AcronisRecovery", "AcronisRecovery\AcronisRecovery.vcxproj", "{C74478D1-0052-4029-AC3B-5476B7733A46}"
EndProject
Project("{8BC9CEB8-8B4A-11D0-8D11-00A0C91BC942}") = "ImageWriter", "ImageWriter\ImageWriter.vcxproj", "{184E7B29-4BC0-41DE-9422-ABC10FFDE785}"
EndProject
Project("{8BC9CEB8-8B4A-11D0-8D11-00A0C91BC942}") = "ByteStatistics", "ConsoleApplication1\ConsoleApplication1.vcxproj", "{14C2973D-DC7A-492A-9393-45E41F2B59D3}"
EndProject
Project("{8BC9CEB8-8B4A-11D0-8D11-00A0C91BC942}") = "libstructstorage", "libstructstorage\libstructstorage.vcxproj", "{9B90F2FC-5F26-4390-8A8B-81F6FE875151}"
EndProject
Project("{2150E333-8FDC-42A3-9474-1A3956D46DE8}") = "Libs", "Libs", "{C813DF1B-5E22-4E38-A1E1-820464994076}"
EndProject
Project("{8BC9CEB8-8B4A-11D0-8D11-00A0C91BC942}") = "libstructstorageTest", "libstructstorageTest\libstructstorageTest.vcxproj", "{4CC8B3D3-91C7-42E1-89A5-6F72036A27C8}"
EndProject
Global
	GlobalSection(SubversionScc) = preSolution
		Svn-Managed = True
		Manager = AnkhSVN - Subversion Support for Visual Studio
	EndGlobalSection
	GlobalSection(SolutionConfigurationPlatforms) = preSolution
		Debug|Win32 = Debug|Win32
		Debug|x64 = Debug|x64
		Release|Win32 = Release|Win32
		Release|x64 = Release|x64
		ReleaseNew|Win32 = ReleaseNew|Win32
		ReleaseNew|x64 = ReleaseNew|x64
	EndGlobalSection
	GlobalSection(ProjectConfigurationPlatforms) = postSolution
		{B12702AD-ABFB-343A-A199-8E24837244A3}.Debug|Win32.ActiveCfg = Debug|Win32
		{B12702AD-ABFB-343A-A199-8E24837244A3}.Debug|x64.ActiveCfg = Debug|Win32
		{B12702AD-ABFB-343A-A199-8E24837244A3}.Release|Win32.ActiveCfg = Release|Win32
		{B12702AD-ABFB-343A-A199-8E24837244A3}.Release|x64.ActiveCfg = Release|Win32
		{B12702AD-ABFB-343A-A199-8E24837244A3}.ReleaseNew|Win32.ActiveCfg = Release|Win32
		{B12702AD-ABFB-343A-A199-8E24837244A3}.ReleaseNew|x64.ActiveCfg = Release|Win32
		{511F9F74-A60A-472A-94A3-E5C9767868D5}.Debug|Win32.ActiveCfg = Debug|Win32
		{511F9F74-A60A-472A-94A3-E5C9767868D5}.Debug|Win32.Build.0 = Debug|Win32
		{511F9F74-A60A-472A-94A3-E5C9767868D5}.Debug|x64.ActiveCfg = Debug|Win32
		{511F9F74-A60A-472A-94A3-E5C9767868D5}.Release|Win32.ActiveCfg = Release|Win32
		{511F9F74-A60A-472A-94A3-E5C9767868D5}.Release|Win32.Build.0 = Release|Win32
		{511F9F74-A60A-472A-94A3-E5C9767868D5}.Release|x64.ActiveCfg = Release|Win32
		{511F9F74-A60A-472A-94A3-E5C9767868D5}.ReleaseNew|Win32.ActiveCfg = Release|Win32
		{511F9F74-A60A-472A-94A3-E5C9767868D5}.ReleaseNew|Win32.Build.0 = Release|Win32
		{511F9F74-A60A-472A-94A3-E5C9767868D5}.ReleaseNew|x64.ActiveCfg = Release|Win32
		{DFA3196A-BBD0-4323-8F80-8E1A7CE9CF33}.Debug|Win32.ActiveCfg = Debug|Win32
		{DFA3196A-BBD0-4323-8F80-8E1A7CE9CF33}.Debug|Win32.Build.0 = Debug|Win32
		{DFA3196A-BBD0-4323-8F80-8E1A7CE9CF33}.Debug|x64.ActiveCfg = Debug|Win32
		{DFA3196A-BBD0-4323-8F80-8E1A7CE9CF33}.Release|Win32.ActiveCfg = Release|Win32
		{DFA3196A-BBD0-4323-8F80-8E1A7CE9CF33}.Release|Win32.Build.0 = Release|Win32
		{DFA3196A-BBD0-4323-8F80-8E1A7CE9CF33}.Release|x64.ActiveCfg = Release|Win32
		{DFA3196A-BBD0-4323-8F80-8E1A7CE9CF33}.ReleaseNew|Win32.ActiveCfg = Release|Win32
		{DFA3196A-BBD0-4323-8F80-8E1A7CE9CF33}.ReleaseNew|Win32.Build.0 = Release|Win32
		{DFA3196A-BBD0-4323-8F80-8E1A7CE9CF33}.ReleaseNew|x64.ActiveCfg = Release|Win32
		{13BDC3ED-FB39-4E7C-B312-18B57EC3A918}.Debug|Win32.ActiveCfg = Debug|Win32
		{13BDC3ED-FB39-4E7C-B312-18B57EC3A918}.Debug|Win32.Build.0 = Debug|Win32
		{13BDC3ED-FB39-4E7C-B312-18B57EC3A918}.Debug|x64.ActiveCfg = Debug|Win32
		{13BDC3ED-FB39-4E7C-B312-18B57EC3A918}.Release|Win32.ActiveCfg = Release|Win32
		{13BDC3ED-FB39-4E7C-B312-18B57EC3A918}.Release|Win32.Build.0 = Release|Win32
		{13BDC3ED-FB39-4E7C-B312-18B57EC3A918}.Release|x64.ActiveCfg = Release|Win32
		{13BDC3ED-FB39-4E7C-B312-18B57EC3A918}.ReleaseNew|Win32.ActiveCfg = Release|Win32
		{13BDC3ED-FB39-4E7C-B312-18B57EC3A918}.ReleaseNew|Win32.Build.0 = Release|Win32
		{13BDC3ED-FB39-4E7C-B312-18B57EC3A918}.ReleaseNew|x64.ActiveCfg = Release|Win32
		{25E7C402-13A6-4865-87A0-37675EABA997}.Debug|Win32.ActiveCfg = Debug|Win32
		{25E7C402-13A6-4865-87A0-37675EABA997}.Debug|Win32.Build.0 = Debug|Win32
		{25E7C402-13A6-4865-87A0-37675EABA997}.Debug|x64.ActiveCfg = Debug|Win32
		{25E7C402-13A6-4865-87A0-37675EABA997}.Release|Win32.ActiveCfg = Release|Win32
		{25E7C402-13A6-4865-87A0-37675EABA997}.Release|Win32.Build.0 = Release|Win32
		{25E7C402-13A6-4865-87A0-37675EABA997}.Release|x64.ActiveCfg = Release|Win32
		{25E7C402-13A6-4865-87A0-37675EABA997}.ReleaseNew|Win32.ActiveCfg = Release|Win32
		{25E7C402-13A6-4865-87A0-37675EABA997}.ReleaseNew|Win32.Build.0 = Release|Win32
		{25E7C402-13A6-4865-87A0-37675EABA997}.ReleaseNew|x64.ActiveCfg = Release|Win32
		{5E05A079-7111-4CCC-89E3-CD5CC0788963}.Debug|Win32.ActiveCfg = Debug|Win32
		{5E05A079-7111-4CCC-89E3-CD5CC0788963}.Debug|Win32.Build.0 = Debug|Win32
		{5E05A079-7111-4CCC-89E3-CD5CC0788963}.Debug|x64.ActiveCfg = Debug|Win32
		{5E05A079-7111-4CCC-89E3-CD5CC0788963}.Release|Win32.ActiveCfg = Release|Win32
		{5E05A079-7111-4CCC-89E3-CD5CC0788963}.Release|Win32.Build.0 = Release|Win32
		{5E05A079-7111-4CCC-89E3-CD5CC0788963}.Release|x64.ActiveCfg = Release|Win32
		{5E05A079-7111-4CCC-89E3-CD5CC0788963}.ReleaseNew|Win32.ActiveCfg = Release|Win32
		{5E05A079-7111-4CCC-89E3-CD5CC0788963}.ReleaseNew|Win32.Build.0 = Release|Win32
		{5E05A079-7111-4CCC-89E3-CD5CC0788963}.ReleaseNew|x64.ActiveCfg = Release|Win32
		{2B91C571-7B0A-46A8-BAAD-3F849FE2338A}.Debug|Win32.ActiveCfg = Debug|Win32
		{2B91C571-7B0A-46A8-BAAD-3F849FE2338A}.Debug|Win32.Build.0 = Debug|Win32
		{2B91C571-7B0A-46A8-BAAD-3F849FE2338A}.Debug|x64.ActiveCfg = Debug|Win32
		{2B91C571-7B0A-46A8-BAAD-3F849FE2338A}.Release|Win32.ActiveCfg = Release|Win32
		{2B91C571-7B0A-46A8-BAAD-3F849FE2338A}.Release|Win32.Build.0 = Release|Win32
		{2B91C571-7B0A-46A8-BAAD-3F849FE2338A}.Release|x64.ActiveCfg = Release|Win32
		{2B91C571-7B0A-46A8-BAAD-3F849FE2338A}.ReleaseNew|Win32.ActiveCfg = Release|Win32
		{2B91C571-7B0A-46A8-BAAD-3F849FE2338A}.ReleaseNew|Win32.Build.0 = Release|Win32
		{2B91C571-7B0A-46A8-BAAD-3F849FE2338A}.ReleaseNew|x64.ActiveCfg = Release|Win32
		{C0525921-31E3-4E1A-B7B6-4EA88D4DE419}.Debug|Win32.ActiveCfg = Debug|Win32
		{C0525921-31E3-4E1A-B7B6-4EA88D4DE419}.Debug|Win32.Build.0 = Debug|Win32
		{C0525921-31E3-4E1A-B7B6-4EA88D4DE419}.Debug|x64.ActiveCfg = Debug|Win32
		{C0525921-31E3-4E1A-B7B6-4EA88D4DE419}.Release|Win32.ActiveCfg = Release|Win32
		{C0525921-31E3-4E1A-B7B6-4EA88D4DE419}.Release|Win32.Build.0 = Release|Win32
		{C0525921-31E3-4E1A-B7B6-4EA88D4DE419}.Release|x64.ActiveCfg = Release|Win32
		{C0525921-31E3-4E1A-B7B6-4EA88D4DE419}.ReleaseNew|Win32.ActiveCfg = Release|Win32
		{C0525921-31E3-4E1A-B7B6-4EA88D4DE419}.ReleaseNew|Win32.Build.0 = Release|Win32
		{C0525921-31E3-4E1A-B7B6-4EA88D4DE419}.ReleaseNew|x64.ActiveCfg = Release|Win32
		{AC200C95-72B6-4C34-9FAC-ABEAF628F0E6}.Debug|Win32.ActiveCfg = Debug|Win32
		{AC200C95-72B6-4C34-9FAC-ABEAF628F0E6}.Debug|Win32.Build.0 = Debug|Win32
		{AC200C95-72B6-4C34-9FAC-ABEAF628F0E6}.Debug|x64.ActiveCfg = Debug|Win32
		{AC200C95-72B6-4C34-9FAC-ABEAF628F0E6}.Release|Win32.ActiveCfg = Release|Win32
		{AC200C95-72B6-4C34-9FAC-ABEAF628F0E6}.Release|Win32.Build.0 = Release|Win32
		{AC200C95-72B6-4C34-9FAC-ABEAF628F0E6}.Release|x64.ActiveCfg = Release|Win32
		{AC200C95-72B6-4C34-9FAC-ABEAF628F0E6}.ReleaseNew|Win32.ActiveCfg = Release|Win32
		{AC200C95-72B6-4C34-9FAC-ABEAF628F0E6}.ReleaseNew|Win32.Build.0 = Release|Win32
		{AC200C95-72B6-4C34-9FAC-ABEAF628F0E6}.ReleaseNew|x64.ActiveCfg = Release|Win32
		{87F9825E-7673-4304-8976-EB2F252F049A}.Debug|Win32.ActiveCfg = Debug|Win32
		{87F9825E-7673-4304-8976-EB2F252F049A}.Debug|Win32.Build.0 = Debug|Win32
		{87F9825E-7673-4304-8976-EB2F252F049A}.Debug|x64.ActiveCfg = Debug|Win32
		{87F9825E-7673-4304-8976-EB2F252F049A}.Release|Win32.ActiveCfg = Release|Win32
		{87F9825E-7673-4304-8976-EB2F252F049A}.Release|Win32.Build.0 = Release|Win32
		{87F9825E-7673-4304-8976-EB2F252F049A}.Release|x64.ActiveCfg = Release|Win32
		{87F9825E-7673-4304-8976-EB2F252F049A}.ReleaseNew|Win32.ActiveCfg = Release|Win32
		{87F9825E-7673-4304-8976-EB2F252F049A}.ReleaseNew|Win32.Build.0 = Release|Win32
		{87F9825E-7673-4304-8976-EB2F252F049A}.ReleaseNew|x64.ActiveCfg = Release|Win32
		{C451B79E-006F-4C14-AE6B-6DC753D32198}.Debug|Win32.ActiveCfg = Debug|Win32
		{C451B79E-006F-4C14-AE6B-6DC753D32198}.Debug|Win32.Build.0 = Debug|Win32
		{C451B79E-006F-4C14-AE6B-6DC753D32198}.Debug|x64.ActiveCfg = Debug|Win32
		{C451B79E-006F-4C14-AE6B-6DC753D32198}.Release|Win32.ActiveCfg = Release|Win32
		{C451B79E-006F-4C14-AE6B-6DC753D32198}.Release|Win32.Build.0 = Release|Win32
		{C451B79E-006F-4C14-AE6B-6DC753D32198}.Release|x64.ActiveCfg = Release|Win32
		{C451B79E-006F-4C14-AE6B-6DC753D32198}.ReleaseNew|Win32.ActiveCfg = Release|Win32
		{C451B79E-006F-4C14-AE6B-6DC753D32198}.ReleaseNew|Win32.Build.0 = Release|Win32
		{C451B79E-006F-4C14-AE6B-6DC753D32198}.ReleaseNew|x64.ActiveCfg = Release|Win32
		{C4C8830E-1BE0-437F-B795-0AB2B2955C24}.Debug|Win32.ActiveCfg = Debug|Win32
		{C4C8830E-1BE0-437F-B795-0AB2B2955C24}.Debug|Win32.Build.0 = Debug|Win32
		{C4C8830E-1BE0-437F-B795-0AB2B2955C24}.Debug|x64.ActiveCfg = Debug|x64
		{C4C8830E-1BE0-437F-B795-0AB2B2955C24}.Debug|x64.Build.0 = Debug|x64
		{C4C8830E-1BE0-437F-B795-0AB2B2955C24}.Release|Win32.ActiveCfg = Release|Win32
		{C4C8830E-1BE0-437F-B795-0AB2B2955C24}.Release|Win32.Build.0 = Release|Win32
		{C4C8830E-1BE0-437F-B795-0AB2B2955C24}.Release|x64.ActiveCfg = Release|x64
		{C4C8830E-1BE0-437F-B795-0AB2B2955C24}.Release|x64.Build.0 = Release|x64
		{C4C8830E-1BE0-437F-B795-0AB2B2955C24}.ReleaseNew|Win32.ActiveCfg = Release|Win32
		{C4C8830E-1BE0-437F-B795-0AB2B2955C24}.ReleaseNew|Win32.Build.0 = Release|Win32
		{C4C8830E-1BE0-437F-B795-0AB2B2955C24}.ReleaseNew|x64.ActiveCfg = Release|x64
		{C4C8830E-1BE0-437F-B795-0AB2B2955C24}.ReleaseNew|x64.Build.0 = Release|x64
		{87233F5B-1A11-4FB4-971D-904274BAE0CC}.Debug|Win32.ActiveCfg = Debug|Win32
		{87233F5B-1A11-4FB4-971D-904274BAE0CC}.Debug|Win32.Build.0 = Debug|Win32
		{87233F5B-1A11-4FB4-971D-904274BAE0CC}.Debug|x64.ActiveCfg = Debug|x64
		{87233F5B-1A11-4FB4-971D-904274BAE0CC}.Debug|x64.Build.0 = Debug|x64
		{87233F5B-1A11-4FB4-971D-904274BAE0CC}.Release|Win32.ActiveCfg = Release|Win32
		{87233F5B-1A11-4FB4-971D-904274BAE0CC}.Release|Win32.Build.0 = Release|Win32
		{87233F5B-1A11-4FB4-971D-904274BAE0CC}.Release|x64.ActiveCfg = Release|x64
		{87233F5B-1A11-4FB4-971D-904274BAE0CC}.Release|x64.Build.0 = Release|x64
		{87233F5B-1A11-4FB4-971D-904274BAE0CC}.ReleaseNew|Win32.ActiveCfg = ReleaseNew|Win32
		{87233F5B-1A11-4FB4-971D-904274BAE0CC}.ReleaseNew|Win32.Build.0 = ReleaseNew|Win32
		{87233F5B-1A11-4FB4-971D-904274BAE0CC}.ReleaseNew|x64.ActiveCfg = ReleaseNew|x64
		{87233F5B-1A11-4FB4-971D-904274BAE0CC}.ReleaseNew|x64.Build.0 = ReleaseNew|x64
		{63F561C5-691A-437B-8514-7391316E93F8}.Debug|Win32.ActiveCfg = Debug|Win32
		{63F561C5-691A-437B-8514-7391316E93F8}.Debug|Win32.Build.0 = Debug|Win32
		{63F561C5-691A-437B-8514-7391316E93F8}.Debug|x64.ActiveCfg = Debug|Win32
		{63F561C5-691A-437B-8514-7391316E93F8}.Release|Win32.ActiveCfg = Release|Win32
		{63F561C5-691A-437B-8514-7391316E93F8}.Release|Win32.Build.0 = Release|Win32
		{63F561C5-691A-437B-8514-7391316E93F8}.Release|x64.ActiveCfg = Release|Win32
		{63F561C5-691A-437B-8514-7391316E93F8}.ReleaseNew|Win32.ActiveCfg = Release|Win32
		{63F561C5-691A-437B-8514-7391316E93F8}.ReleaseNew|Win32.Build.0 = Release|Win32
		{63F561C5-691A-437B-8514-7391316E93F8}.ReleaseNew|x64.ActiveCfg = Release|Win32
		{C74478D1-0052-4029-AC3B-5476B7733A46}.Debug|Win32.ActiveCfg = Debug|Win32
		{C74478D1-0052-4029-AC3B-5476B7733A46}.Debug|Win32.Build.0 = Debug|Win32
		{C74478D1-0052-4029-AC3B-5476B7733A46}.Debug|x64.ActiveCfg = Debug|Win32
		{C74478D1-0052-4029-AC3B-5476B7733A46}.Release|Win32.ActiveCfg = Release|Win32
		{C74478D1-0052-4029-AC3B-5476B7733A46}.Release|Win32.Build.0 = Release|Win32
		{C74478D1-0052-4029-AC3B-5476B7733A46}.Release|x64.ActiveCfg = Release|Win32
		{C74478D1-0052-4029-AC3B-5476B7733A46}.ReleaseNew|Win32.ActiveCfg = Release|Win32
		{C74478D1-0052-4029-AC3B-5476B7733A46}.ReleaseNew|Win32.Build.0 = Release|Win32
		{C74478D1-0052-4029-AC3B-5476B7733A46}.ReleaseNew|x64.ActiveCfg = Release|Win32
		{184E7B29-4BC0-41DE-9422-ABC10FFDE785}.Debug|Win32.ActiveCfg = Debug|Win32
		{184E7B29-4BC0-41DE-9422-ABC10FFDE785}.Debug|Win32.Build.0 = Debug|Win32
		{184E7B29-4BC0-41DE-9422-ABC10FFDE785}.Debug|x64.ActiveCfg = Debug|Win32
		{184E7B29-4BC0-41DE-9422-ABC10FFDE785}.Release|Win32.ActiveCfg = Release|Win32
		{184E7B29-4BC0-41DE-9422-ABC10FFDE785}.Release|Win32.Build.0 = Release|Win32
		{184E7B29-4BC0-41DE-9422-ABC10FFDE785}.Release|x64.ActiveCfg = Release|Win32
		{184E7B29-4BC0-41DE-9422-ABC10FFDE785}.ReleaseNew|Win32.ActiveCfg = Release|Win32
		{184E7B29-4BC0-41DE-9422-ABC10FFDE785}.ReleaseNew|Win32.Build.0 = Release|Win32
		{184E7B29-4BC0-41DE-9422-ABC10FFDE785}.ReleaseNew|x64.ActiveCfg = Release|Win32
		{14C2973D-DC7A-492A-9393-45E41F2B59D3}.Debug|Win32.ActiveCfg = Debug|Win32
		{14C2973D-DC7A-492A-9393-45E41F2B59D3}.Debug|Win32.Build.0 = Debug|Win32
		{14C2973D-DC7A-492A-9393-45E41F2B59D3}.Debug|x64.ActiveCfg = Debug|Win32
		{14C2973D-DC7A-492A-9393-45E41F2B59D3}.Release|Win32.ActiveCfg = Release|Win32
		{14C2973D-DC7A-492A-9393-45E41F2B59D3}.Release|Win32.Build.0 = Release|Win32
		{14C2973D-DC7A-492A-9393-45E41F2B59D3}.Release|x64.ActiveCfg = Release|Win32
		{14C2973D-DC7A-492A-9393-45E41F2B59D3}.ReleaseNew|Win32.ActiveCfg = Release|Win32
		{14C2973D-DC7A-492A-9393-45E41F2B59D3}.ReleaseNew|Win32.Build.0 = Release|Win32
		{14C2973D-DC7A-492A-9393-45E41F2B59D3}.ReleaseNew|x64.ActiveCfg = Release|Win32
		{9B90F2FC-5F26-4390-8A8B-81F6FE875151}.Debug|Win32.ActiveCfg = Debug|Win32
		{9B90F2FC-5F26-4390-8A8B-81F6FE875151}.Debug|Win32.Build.0 = Debug|Win32
		{9B90F2FC-5F26-4390-8A8B-81F6FE875151}.Debug|x64.ActiveCfg = Debug|Win32
		{9B90F2FC-5F26-4390-8A8B-81F6FE875151}.Release|Win32.ActiveCfg = Release|Win32
		{9B90F2FC-5F26-4390-8A8B-81F6FE875151}.Release|Win32.Build.0 = Release|Win32
		{9B90F2FC-5F26-4390-8A8B-81F6FE875151}.Release|x64.ActiveCfg = Release|Win32
		{9B90F2FC-5F26-4390-8A8B-81F6FE875151}.ReleaseNew|Win32.ActiveCfg = Release|Win32
		{9B90F2FC-5F26-4390-8A8B-81F6FE875151}.ReleaseNew|Win32.Build.0 = Release|Win32
		{9B90F2FC-5F26-4390-8A8B-81F6FE875151}.ReleaseNew|x64.ActiveCfg = Release|Win32
		{4CC8B3D3-91C7-42E1-89A5-6F72036A27C8}.Debug|Win32.ActiveCfg = Debug|Win32
		{4CC8B3D3-91C7-42E1-89A5-6F72036A27C8}.Debug|Win32.Build.0 = Debug|Win32
		{4CC8B3D3-91C7-42E1-89A5-6F72036A27C8}.Debug|x64.ActiveCfg = Debug|Win32
		{4CC8B3D3-91C7-42E1-89A5-6F72036A27C8}.Release|Win32.ActiveCfg = Release|Win32
		{4CC8B3D3-91C7-42E1-89A5-6F72036A27C8}.Release|Win32.Build.0 = Release|Win32
		{4CC8B3D3-91C7-42E1-89A5-6F72036A27C8}.Release|x64.ActiveCfg = Release|Win32
		{4CC8B3D3-91C7-42E1-89A5-6F72036A27C8}.ReleaseNew|Win32.ActiveCfg = Release|Win32
		{4CC8B3D3-91C7-42E1-89A5-6F72036A27C8}.ReleaseNew|Win32.Build.0 = Release|Win32
		{4CC8B3D3-91C7-42E1-89A5-6F72036A27C8}.ReleaseNew|x64.ActiveCfg = Release|Win32
	EndGlobalSection
	GlobalSection(SolutionProperties) = preSolution
		HideSolutionNode = FALSE
	EndGlobalSection
	GlobalSection(NestedProjects) = preSolution
		{13BDC3ED-FB39-4E7C-B312-18B57EC3A918} = {F5AEE42D-9C64-40AF-95C9-C830A93F32C4}
		{DFA3196A-BBD0-4323-8F80-8E1A7CE9CF33} = {F5AEE42D-9C64-40AF-95C9-C830A93F32C4}
		{63F561C5-691A-437B-8514-7391316E93F8} = {F5AEE42D-9C64-40AF-95C9-C830A93F32C4}
		{4CC8B3D3-91C7-42E1-89A5-6F72036A27C8} = {F5AEE42D-9C64-40AF-95C9-C830A93F32C4}
		{9B90F2FC-5F26-4390-8A8B-81F6FE875151} = {C813DF1B-5E22-4E38-A1E1-820464994076}
		{5E05A079-7111-4CCC-89E3-CD5CC0788963} = {C813DF1B-5E22-4E38-A1E1-820464994076}
	EndGlobalSection
EndGlobal
