<?xml version="1.0" encoding="utf-8"?>
<Project ToolsVersion="4.0" xmlns="http://schemas.microsoft.com/developer/msbuild/2003">
  <ItemGroup>
    <Filter Include="Source Files">
      <UniqueIdentifier>{4FC737F1-C7A5-4376-A066-2A32D752A2FF}</UniqueIdentifier>
      <Extensions>cpp;cxx;c;def</Extensions>
    </Filter>
    <Filter Include="Header Files">
      <UniqueIdentifier>{93995380-89BD-4b04-88EB-625FBE52EBFB}</UniqueIdentifier>
      <Extensions>h</Extensions>
    </Filter>
    <Filter Include="Form Files">
      <UniqueIdentifier>{99349809-55BA-4b9d-BF79-8FDBB0286EB3}</UniqueIdentifier>
      <Extensions>ui</Extensions>
    </Filter>
    <Filter Include="Resource Files">
      <UniqueIdentifier>{D9D6E242-F8AF-46E4-B9FD-80ECBC20BA3E}</UniqueIdentifier>
      <Extensions>qrc;*</Extensions>
      <ParseFiles>false</ParseFiles>
    </Filter>
    <Filter Include="Generated Files">
      <UniqueIdentifier>{71ED8ED8-ACB9-4CE9-BBE1-E00B30144E11}</UniqueIdentifier>
      <Extensions>moc;h;cpp</Extensions>
      <SourceControlFiles>False</SourceControlFiles>
    </Filter>
    <Filter Include="Generated Files\Debug">
      <UniqueIdentifier>{e32555c2-7dbf-4b2c-8f21-d7b5d9ea063b}</UniqueIdentifier>
      <Extensions>cpp;moc</Extensions>
      <SourceControlFiles>False</SourceControlFiles>
    </Filter>
    <Filter Include="Generated Files\Release">
      <UniqueIdentifier>{068b9724-0ea1-4636-a258-8036f7036d14}</UniqueIdentifier>
      <Extensions>cpp;moc</Extensions>
      <SourceControlFiles>False</SourceControlFiles>
    </Filter>
    <Filter Include="Widgets">
      <UniqueIdentifier>{021a787a-4299-4483-a113-9bb70956648f}</UniqueIdentifier>
    </Filter>
    <Filter Include="Widgets\Model">
      <UniqueIdentifier>{31449890-95a9-4a57-b8e3-6774dcde9479}</UniqueIdentifier>
    </Filter>
    <Filter Include="Widgets\View">
      <UniqueIdentifier>{2ae23cfc-cf4c-4ae7-a0ea-5557538ffa52}</UniqueIdentifier>
    </Filter>
    <Filter Include="Widgets\Controller">
      <UniqueIdentifier>{1f75c2d3-bf0a-4c48-8404-69b42ffc7731}</UniqueIdentifier>
    </Filter>
    <Filter Include="icons">
      <UniqueIdentifier>{5c74b87f-a19e-4fa2-8ae4-fe13aa2be6bc}</UniqueIdentifier>
    </Filter>
    <Filter Include="Widgets\Dialog">
      <UniqueIdentifier>{0b2f3635-c4ee-4bb7-aac5-71a7ad888817}</UniqueIdentifier>
    </Filter>
  </ItemGroup>
  <ItemGroup>
    <ClCompile Include="main.cpp">
      <Filter>Source Files</Filter>
    </ClCompile>
    <ClCompile Include="diskmasterui.cpp">
      <Filter>Source Files</Filter>
    </ClCompile>
    <ClCompile Include="GeneratedFiles\Debug\moc_diskmasterui.cpp">
      <Filter>Generated Files\Debug</Filter>
    </ClCompile>
    <ClCompile Include="GeneratedFiles\Release\moc_diskmasterui.cpp">
      <Filter>Generated Files\Release</Filter>
    </ClCompile>
    <ClCompile Include="GeneratedFiles\qrc_diskmasterui.cpp">
      <Filter>Generated Files</Filter>
    </ClCompile>
    <ClCompile Include="maintaskwidget.cpp">
      <Filter>Source Files</Filter>
    </ClCompile>
    <ClCompile Include="GeneratedFiles\Debug\moc_maintaskwidget.cpp">
      <Filter>Generated Files\Debug</Filter>
    </ClCompile>
    <ClCompile Include="GeneratedFiles\Release\moc_maintaskwidget.cpp">
      <Filter>Generated Files\Release</Filter>
    </ClCompile>
    <ClCompile Include="tabwidget.cpp">
      <Filter>Source Files</Filter>
    </ClCompile>
    <ClCompile Include="GeneratedFiles\Debug\moc_tabwidget.cpp">
      <Filter>Generated Files\Debug</Filter>
    </ClCompile>
    <ClCompile Include="GeneratedFiles\Release\moc_tabwidget.cpp">
      <Filter>Generated Files\Release</Filter>
    </ClCompile>
    <ClCompile Include="GeneratedFiles\Debug\moc_dmtreemodel.cpp">
      <Filter>Generated Files\Debug</Filter>
    </ClCompile>
    <ClCompile Include="GeneratedFiles\Release\moc_dmtreemodel.cpp">
      <Filter>Generated Files\Release</Filter>
    </ClCompile>
    <ClCompile Include="tabwidgets.cpp">
      <Filter>Source Files</Filter>
    </ClCompile>
    <ClCompile Include="GeneratedFiles\Debug\moc_tabwidgets.cpp">
      <Filter>Generated Files\Debug</Filter>
    </ClCompile>
    <ClCompile Include="GeneratedFiles\Release\moc_tabwidgets.cpp">
      <Filter>Generated Files\Release</Filter>
    </ClCompile>
    <ClCompile Include="GeneratedFiles\Debug\moc_abstract_task.cpp">
      <Filter>Generated Files\Debug</Filter>
    </ClCompile>
    <ClCompile Include="GeneratedFiles\Release\moc_abstract_task.cpp">
      <Filter>Generated Files\Release</Filter>
    </ClCompile>
    <ClCompile Include="copytask.cpp">
      <Filter>Source Files</Filter>
    </ClCompile>
    <ClCompile Include="GeneratedFiles\Debug\moc_copytask.cpp">
      <Filter>Generated Files\Debug</Filter>
    </ClCompile>
    <ClCompile Include="GeneratedFiles\Release\moc_copytask.cpp">
      <Filter>Generated Files\Release</Filter>
    </ClCompile>
    <ClCompile Include="verifytask.cpp">
      <Filter>Source Files</Filter>
    </ClCompile>
    <ClCompile Include="GeneratedFiles\Debug\moc_verifytask.cpp">
      <Filter>Generated Files\Debug</Filter>
    </ClCompile>
    <ClCompile Include="GeneratedFiles\Release\moc_verifytask.cpp">
      <Filter>Generated Files\Release</Filter>
    </ClCompile>
    <ClCompile Include="erasetask.cpp">
      <Filter>Source Files</Filter>
    </ClCompile>
    <ClCompile Include="taskmanager.cpp">
      <Filter>Source Files</Filter>
    </ClCompile>
    <ClCompile Include="factories.cpp">
      <Filter>Source Files</Filter>
    </ClCompile>
    <ClCompile Include="GeneratedFiles\Debug\moc_settingsdialog.cpp">
      <Filter>Generated Files\Debug</Filter>
    </ClCompile>
    <ClCompile Include="GeneratedFiles\Release\moc_settingsdialog.cpp">
      <Filter>Generated Files\Release</Filter>
    </ClCompile>
    <ClCompile Include="GeneratedFiles\Debug\moc_copydetectdialog.cpp">
      <Filter>Generated Files\Debug</Filter>
    </ClCompile>
    <ClCompile Include="GeneratedFiles\Release\moc_copydetectdialog.cpp">
      <Filter>Generated Files\Release</Filter>
    </ClCompile>
    <ClCompile Include="copydetectdialog.cpp">
      <Filter>Widgets\Dialog</Filter>
    </ClCompile>
    <ClCompile Include="settingsdialog.cpp">
      <Filter>Widgets\Dialog</Filter>
    </ClCompile>
    <ClCompile Include="copypropertiesui.cpp">
      <Filter>Source Files</Filter>
    </ClCompile>
    <ClCompile Include="GeneratedFiles\Debug\moc_copypropertiesui.cpp">
      <Filter>Generated Files\Debug</Filter>
    </ClCompile>
    <ClCompile Include="GeneratedFiles\Release\moc_copypropertiesui.cpp">
      <Filter>Generated Files\Release</Filter>
    </ClCompile>
    <ClCompile Include="GeneratedFiles\Debug\moc_partitionmodel.cpp">
      <Filter>Generated Files\Debug</Filter>
    </ClCompile>
    <ClCompile Include="GeneratedFiles\Release\moc_partitionmodel.cpp">
      <Filter>Generated Files\Release</Filter>
    </ClCompile>
    <ClCompile Include="partitionmodel.cpp">
      <Filter>Widgets\Model</Filter>
    </ClCompile>
    <ClCompile Include="dmtreemodel.cpp">
      <Filter>Widgets\Model</Filter>
    </ClCompile>
    <ClCompile Include="GeneratedFiles\Debug\moc_erasetask.cpp">
      <Filter>Generated Files\Debug</Filter>
    </ClCompile>
    <ClCompile Include="GeneratedFiles\Release\moc_erasetask.cpp">
      <Filter>Generated Files\Release</Filter>
    </ClCompile>
    <ClCompile Include="State.cpp">
      <Filter>Source Files</Filter>
    </ClCompile>
    <ClCompile Include="PartitionTreeWidget.cpp">
      <Filter>Widgets\Controller</Filter>
    </ClCompile>
    <ClCompile Include="preferences.cpp">
      <Filter>Source Files</Filter>
    </ClCompile>
    <ClCompile Include="GeneratedFiles\Debug\moc_preferences.cpp">
      <Filter>Generated Files\Debug</Filter>
    </ClCompile>
    <ClCompile Include="GeneratedFiles\Release\moc_preferences.cpp">
      <Filter>Generated Files\Release</Filter>
    </ClCompile>
    <ClCompile Include="optionsmanager.cpp">
      <Filter>Source Files</Filter>
    </ClCompile>
    <ClCompile Include="GeneratedFiles\Debug\moc_optionsmanager.cpp">
      <Filter>Generated Files\Debug</Filter>
    </ClCompile>
    <ClCompile Include="GeneratedFiles\Release\moc_optionsmanager.cpp">
      <Filter>Generated Files\Release</Filter>
    </ClCompile>
  </ItemGroup>
  <ItemGroup>
    <CustomBuild Include="diskmasterui.h">
      <Filter>Header Files</Filter>
    </CustomBuild>
    <CustomBuild Include="diskmasterui.ui">
      <Filter>Form Files</Filter>
    </CustomBuild>
    <CustomBuild Include="diskmasterui.qrc">
      <Filter>Resource Files</Filter>
    </CustomBuild>
    <CustomBuild Include="MainTaskPanel.ui">
      <Filter>Form Files</Filter>
    </CustomBuild>
    <CustomBuild Include="maintaskwidget.h">
      <Filter>Header Files</Filter>
    </CustomBuild>
    <CustomBuild Include="tabwidget.h">
      <Filter>Header Files</Filter>
    </CustomBuild>
    <CustomBuild Include="CopyWidgetUi.ui">
      <Filter>Form Files</Filter>
    </CustomBuild>
    <CustomBuild Include="VerifyWidgetUi.ui">
      <Filter>Form Files</Filter>
    </CustomBuild>
    <CustomBuild Include="tabwidgets.h">
      <Filter>Header Files</Filter>
    </CustomBuild>
    <CustomBuild Include="abstract_task.h">
      <Filter>Header Files</Filter>
    </CustomBuild>
    <CustomBuild Include="EraseTabWidget.ui">
      <Filter>Form Files</Filter>
    </CustomBuild>
    <CustomBuild Include="copytask.h">
      <Filter>Header Files</Filter>
    </CustomBuild>
    <CustomBuild Include="verifytask.h">
      <Filter>Header Files</Filter>
    </CustomBuild>
    <CustomBuild Include="erasetask.h">
      <Filter>Header Files</Filter>
    </CustomBuild>
    <CustomBuild Include="taskmanager.h">
      <Filter>Header Files</Filter>
    </CustomBuild>
    <CustomBuild Include="factories.h">
      <Filter>Header Files</Filter>
    </CustomBuild>
    <CustomBuild Include="settingsdialog.ui">
      <Filter>Form Files</Filter>
    </CustomBuild>
    <CustomBuild Include="copydetectdialog.h">
      <Filter>Widgets\Dialog</Filter>
    </CustomBuild>
    <CustomBuild Include="settingsdialog.h">
      <Filter>Widgets\Dialog</Filter>
    </CustomBuild>
    <CustomBuild Include="CopyDetectUi.ui">
      <Filter>Form Files</Filter>
    </CustomBuild>
    <CustomBuild Include="ModifySectorUi.ui">
      <Filter>Form Files</Filter>
    </CustomBuild>
    <CustomBuild Include="copypropertiesui.h">
      <Filter>Header Files</Filter>
    </CustomBuild>
    <CustomBuild Include="CopyPropertiesUi.ui">
      <Filter>Form Files</Filter>
    </CustomBuild>
    <CustomBuild Include="CopyPropertiesDialog.ui">
      <Filter>Form Files</Filter>
    </CustomBuild>
    <CustomBuild Include="PartitionWidget.ui">
      <Filter>Form Files</Filter>
    </CustomBuild>
    <CustomBuild Include="partitionmodel.h">
      <Filter>Widgets\Model</Filter>
    </CustomBuild>
    <CustomBuild Include="dmtreemodel.h">
      <Filter>Widgets\Model</Filter>
    </CustomBuild>
    <CustomBuild Include="VerifyDetectDialog.ui">
      <Filter>Form Files</Filter>
    </CustomBuild>
    <CustomBuild Include="EraseDetectUi.ui">
      <Filter>Form Files</Filter>
    </CustomBuild>
    <CustomBuild Include="preferences.h">
      <Filter>Header Files</Filter>
    </CustomBuild>
    <CustomBuild Include="optionsmanager.h">
      <Filter>Header Files</Filter>
    </CustomBuild>
    <CustomBuild Include="DeviceInfoWidgetUi.ui">
      <Filter>Form Files</Filter>
    </CustomBuild>
    <CustomBuild Include="State.h">
      <Filter>Header Files</Filter>
    </CustomBuild>
    <CustomBuild Include="resource.h">
      <Filter>Header Files</Filter>
    </CustomBuild>
    <CustomBuild Include="Functions.h">
      <Filter>Header Files</Filter>
    </CustomBuild>
    <CustomBuild Include="GeneratedFiles\ui_DeviceInfoWidgetUi.h">
      <Filter>Generated Files</Filter>
    </CustomBuild>
    <CustomBuild Include="GeneratedFiles\ui_EraseDetectUi.h">
      <Filter>Generated Files</Filter>
    </CustomBuild>
    <CustomBuild Include="GeneratedFiles\ui_CopyDetectUi.h">
      <Filter>Generated Files</Filter>
    </CustomBuild>
    <CustomBuild Include="GeneratedFiles\ui_CopyPropertiesDialog.h">
      <Filter>Generated Files</Filter>
    </CustomBuild>
    <CustomBuild Include="GeneratedFiles\ui_CopyPropertiesUi.h">
      <Filter>Generated Files</Filter>
    </CustomBuild>
    <CustomBuild Include="GeneratedFiles\ui_ModifySectorUi.h">
      <Filter>Generated Files</Filter>
    </CustomBuild>
    <CustomBuild Include="GeneratedFiles\ui_PartitionWidget.h">
      <Filter>Generated Files</Filter>
    </CustomBuild>
    <CustomBuild Include="GeneratedFiles\ui_settingsdialog.h">
      <Filter>Generated Files</Filter>
    </CustomBuild>
    <CustomBuild Include="GeneratedFiles\ui_VerifyDetectDialog.h">
      <Filter>Generated Files</Filter>
    </CustomBuild>
    <CustomBuild Include="GeneratedFiles\ui_CopyRangeWidgetUi.h">
      <Filter>Generated Files</Filter>
    </CustomBuild>
    <CustomBuild Include="GeneratedFiles\ui_CopyWidgetUi.h">
      <Filter>Generated Files</Filter>
    </CustomBuild>
    <CustomBuild Include="GeneratedFiles\ui_EraseTabWidget.h">
      <Filter>Generated Files</Filter>
    </CustomBuild>
    <CustomBuild Include="GeneratedFiles\ui_RangeWidgetUi.h">
      <Filter>Generated Files</Filter>
    </CustomBuild>
    <CustomBuild Include="GeneratedFiles\ui_VerifyWidgetUi.h">
      <Filter>Generated Files</Filter>
    </CustomBuild>
    <CustomBuild Include="GeneratedFiles\ui_MainTaskPanel.h">
      <Filter>Generated Files</Filter>
    </CustomBuild>
    <CustomBuild Include="GeneratedFiles\ui_diskmasterui.h">
      <Filter>Generated Files</Filter>
    </CustomBuild>
    <CustomBuild Include="PartitionTreeWidget.h">
      <Filter>Widgets\Controller</Filter>
    </CustomBuild>
    <CustomBuild Include="icons\application_exit.png">
      <Filter>icons</Filter>
    </CustomBuild>
    <CustomBuild Include="icons\arrow_refresh.png">
      <Filter>icons</Filter>
    </CustomBuild>
    <CustomBuild Include="icons\backward.png">
      <Filter>icons</Filter>
    </CustomBuild>
    <CustomBuild Include="icons\copy_disk.png">
      <Filter>icons</Filter>
    </CustomBuild>
    <CustomBuild Include="icons\disk_master.png">
      <Filter>icons</Filter>
    </CustomBuild>
    <CustomBuild Include="icons\erase_task.png">
      <Filter>icons</Filter>
    </CustomBuild>
    <CustomBuild Include="icons\folder_home.png">
      <Filter>icons</Filter>
    </CustomBuild>
    <CustomBuild Include="icons\forward.png">
      <Filter>icons</Filter>
    </CustomBuild>
    <CustomBuild Include="icons\Hard_Drive.png">
      <Filter>icons</Filter>
    </CustomBuild>
    <CustomBuild Include="icons\log.png">
      <Filter>icons</Filter>
    </CustomBuild>
    <CustomBuild Include="icons\map_magnify.png">
      <Filter>icons</Filter>
    </CustomBuild>
    <CustomBuild Include="icons\not_ready.png">
      <Filter>icons</Filter>
    </CustomBuild>
    <CustomBuild Include="icons\open_folder.png">
      <Filter>icons</Filter>
    </CustomBuild>
    <CustomBuild Include="icons\open_task.png">
      <Filter>icons</Filter>
    </CustomBuild>
    <CustomBuild Include="icons\Partition.png">
      <Filter>icons</Filter>
    </CustomBuild>
    <CustomBuild Include="icons\pause.png">
      <Filter>icons</Filter>
    </CustomBuild>
    <CustomBuild Include="icons\preferences.png">
      <Filter>icons</Filter>
    </CustomBuild>
    <CustomBuild Include="icons\ready.png">
      <Filter>icons</Filter>
    </CustomBuild>
    <CustomBuild Include="icons\right_arrow.png">
      <Filter>icons</Filter>
    </CustomBuild>
    <CustomBuild Include="icons\sata_device.png">
      <Filter>icons</Filter>
    </CustomBuild>
    <CustomBuild Include="icons\start_task.png">
      <Filter>icons</Filter>
    </CustomBuild>
    <CustomBuild Include="icons\stop_task.png">
      <Filter>icons</Filter>
    </CustomBuild>
    <CustomBuild Include="icons\usb_device_blue.png">
      <Filter>icons</Filter>
    </CustomBuild>
    <CustomBuild Include="icons\usb_device_green.png">
      <Filter>icons</Filter>
    </CustomBuild>
    <CustomBuild Include="icons\usb_device_grey.png">
      <Filter>icons</Filter>
    </CustomBuild>
    <CustomBuild Include="icons\usb_device_orange.png">
      <Filter>icons</Filter>
    </CustomBuild>
    <CustomBuild Include="icons\user_copy.png">
      <Filter>icons</Filter>
    </CustomBuild>
    <CustomBuild Include="icons\user_home.png">
      <Filter>icons</Filter>
    </CustomBuild>
    <CustomBuild Include="icons\verify_task.png">
      <Filter>icons</Filter>
    </CustomBuild>
    <CustomBuild Include="_bin\Debug\icons\hard_drive_clone.png">
      <Filter>icons</Filter>
    </CustomBuild>
  </ItemGroup>
  <ItemGroup>
    <ResourceCompile Include="DiskMasterTool2.rc" />
  </ItemGroup>
</Project>