<?xml version="1.0" encoding="utf-8"?>
<Project ToolsVersion="4.0" xmlns="http://schemas.microsoft.com/developer/msbuild/2003">
  <ItemGroup>
    <Filter Include="Source Files">
      <UniqueIdentifier>{4FC737F1-C7A5-4376-A066-2A32D752A2FF}</UniqueIdentifier>
      <Extensions>cpp;cxx;c;def</Extensions>
    </Filter>
    <Filter Include="Header Files">
      <UniqueIdentifier>{93995380-89BD-4b04-88EB-625FBE52EBFB}</UniqueIdentifier>
      <Extensions>h</Extensions>
    </Filter>
    <Filter Include="Form Files">
      <UniqueIdentifier>{99349809-55BA-4b9d-BF79-8FDBB0286EB3}</UniqueIdentifier>
      <Extensions>ui</Extensions>
    </Filter>
    <Filter Include="Resource Files">
      <UniqueIdentifier>{D9D6E242-F8AF-46E4-B9FD-80ECBC20BA3E}</UniqueIdentifier>
      <Extensions>qrc;*</Extensions>
      <ParseFiles>false</ParseFiles>
    </Filter>
    <Filter Include="Generated Files">
      <UniqueIdentifier>{71ED8ED8-ACB9-4CE9-BBE1-E00B30144E11}</UniqueIdentifier>
      <Extensions>moc;h;cpp</Extensions>
      <SourceControlFiles>False</SourceControlFiles>
    </Filter>
    <Filter Include="Generated Files\Debug">
      <UniqueIdentifier>{faa87472-971d-4575-add4-2defe0af9a19}</UniqueIdentifier>
      <Extensions>cpp;moc</Extensions>
      <SourceControlFiles>False</SourceControlFiles>
    </Filter>
    <Filter Include="Generated Files\Release">
      <UniqueIdentifier>{3c2f0328-978a-4eda-9605-07682baaced1}</UniqueIdentifier>
      <Extensions>cpp;moc</Extensions>
      <SourceControlFiles>False</SourceControlFiles>
    </Filter>
    <Filter Include="imager">
      <UniqueIdentifier>{882f4417-800c-4625-a6bd-238b8b7f9526}</UniqueIdentifier>
    </Filter>
  </ItemGroup>
  <ItemGroup>
    <ClCompile Include="main.cpp">
      <Filter>Source Files</Filter>
    </ClCompile>
    <ClCompile Include="imagewriter.cpp">
      <Filter>Source Files</Filter>
    </ClCompile>
    <ClCompile Include="GeneratedFiles\Debug\moc_imagewriter.cpp">
      <Filter>Generated Files\Debug</Filter>
    </ClCompile>
    <ClCompile Include="GeneratedFiles\Release\moc_imagewriter.cpp">
      <Filter>Generated Files\Release</Filter>
    </ClCompile>
    <ClCompile Include="GeneratedFiles\qrc_imagewriter.cpp">
      <Filter>Generated Files</Filter>
    </ClCompile>
    <ClCompile Include="tabledevicewidget.cpp">
      <Filter>Source Files</Filter>
    </ClCompile>
    <ClCompile Include="GeneratedFiles\Debug\moc_tabledevicewidget.cpp">
      <Filter>Generated Files\Debug</Filter>
    </ClCompile>
    <ClCompile Include="GeneratedFiles\Release\moc_tabledevicewidget.cpp">
      <Filter>Generated Files\Release</Filter>
    </ClCompile>
    <ClCompile Include="devicetableview.cpp">
      <Filter>imager</Filter>
    </ClCompile>
    <ClCompile Include="GeneratedFiles\Debug\moc_devicetableview.cpp">
      <Filter>Generated Files\Debug</Filter>
    </ClCompile>
    <ClCompile Include="GeneratedFiles\Release\moc_devicetableview.cpp">
      <Filter>Generated Files\Release</Filter>
    </ClCompile>
    <ClCompile Include="ListDataModel.cpp">
      <Filter>imager</Filter>
    </ClCompile>
    <ClCompile Include="MainSubject.cpp">
      <Filter>imager</Filter>
    </ClCompile>
    <ClCompile Include="GeneratedFiles\Debug\moc_MainSubject.cpp">
      <Filter>Generated Files\Debug</Filter>
    </ClCompile>
    <ClCompile Include="GeneratedFiles\Release\moc_MainSubject.cpp">
      <Filter>Generated Files\Release</Filter>
    </ClCompile>
  </ItemGroup>
  <ItemGroup>
    <CustomBuild Include="imagewriter.h">
      <Filter>Header Files</Filter>
    </CustomBuild>
    <CustomBuild Include="imagewriter.ui">
      <Filter>Form Files</Filter>
    </CustomBuild>
    <CustomBuild Include="imagewriter.qrc">
      <Filter>Resource Files</Filter>
    </CustomBuild>
    <CustomBuild Include="tabledevicewidget.h">
      <Filter>Header Files</Filter>
    </CustomBuild>
    <CustomBuild Include="devicetableview.h">
      <Filter>imager</Filter>
    </CustomBuild>
    <CustomBuild Include="MainSubject.h">
      <Filter>imager</Filter>
    </CustomBuild>
    <CustomBuild Include="SelectionDialog.ui">
      <Filter>Form Files</Filter>
    </CustomBuild>
  </ItemGroup>
  <ItemGroup>
    <ClInclude Include="GeneratedFiles\ui_imagewriter.h">
      <Filter>Generated Files</Filter>
    </ClInclude>
    <ClInclude Include="ListDataModel.h">
      <Filter>imager</Filter>
    </ClInclude>
    <ClInclude Include="GeneratedFiles\ui_SelectionDialog.h">
      <Filter>Generated Files</Filter>
    </ClInclude>
  </ItemGroup>
  <ItemGroup>
    <ResourceCompile Include="ImageWriter.rc" />
  </ItemGroup>
</Project>