<?xml version="1.0" encoding="utf-8"?>
<Project ToolsVersion="4.0" xmlns="http://schemas.microsoft.com/developer/msbuild/2003">
  <ItemGroup>
    <Filter Include="Source Files">
      <UniqueIdentifier>{4FC737F1-C7A5-4376-A066-2A32D752A2FF}</UniqueIdentifier>
      <Extensions>cpp;c;cc;cxx;def;odl;idl;hpj;bat;asm;asmx</Extensions>
    </Filter>
    <Filter Include="Header Files">
      <UniqueIdentifier>{93995380-89BD-4b04-88EB-625FBE52EBFB}</UniqueIdentifier>
      <Extensions>h;hpp;hxx;hm;inl;inc;xsd</Extensions>
    </Filter>
    <Filter Include="Resource Files">
      <UniqueIdentifier>{67DA6AB6-F800-4c08-8B7A-83BB121AAD01}</UniqueIdentifier>
      <Extensions>rc;ico;cur;bmp;dlg;rc2;rct;bin;rgs;gif;jpg;jpeg;jpe;resx;tiff;tif;png;wav;mfcribbon-ms</Extensions>
    </Filter>
  </ItemGroup>
  <ItemGroup>
    <None Include="ReadMe.txt" />
    <None Include="CGridListCtrl.def">
      <Filter>Source Files</Filter>
    </None>
    <None Include="res\CGridListCtrl.rc2">
      <Filter>Resource Files</Filter>
    </None>
  </ItemGroup>
  <ItemGroup>
    <ClCompile Include="CGridListCtrl.cpp">
      <Filter>Source Files</Filter>
    </ClCompile>
    <ClCompile Include="stdafx.cpp">
      <Filter>Source Files</Filter>
    </ClCompile>
    <ClCompile Include="CGridColumnTraitCombo.cpp">
      <Filter>Source Files</Filter>
    </ClCompile>
    <ClCompile Include="CGridColumnTraitDateTime.cpp">
      <Filter>Source Files</Filter>
    </ClCompile>
    <ClCompile Include="CGridColumnTraitEdit.cpp">
      <Filter>Source Files</Filter>
    </ClCompile>
    <ClCompile Include="CGridColumnTraitImage.cpp">
      <Filter>Source Files</Filter>
    </ClCompile>
    <ClCompile Include="CGridColumnTraitText.cpp">
      <Filter>Source Files</Filter>
    </ClCompile>
    <ClCompile Include="CGridListCtrlEx.cpp">
      <Filter>Source Files</Filter>
    </ClCompile>
    <ClCompile Include="CGridListCtrlGroups.cpp">
      <Filter>Source Files</Filter>
    </ClCompile>
    <ClCompile Include="CGridRowTraitText.cpp">
      <Filter>Source Files</Filter>
    </ClCompile>
    <ClCompile Include="CGridRowTraitXP.cpp">
      <Filter>Source Files</Filter>
    </ClCompile>
    <ClCompile Include="ViewConfigSection.cpp">
      <Filter>Source Files</Filter>
    </ClCompile>
  </ItemGroup>
  <ItemGroup>
    <ResourceCompile Include="CGridListCtrl.rc">
      <Filter>Resource Files</Filter>
    </ResourceCompile>
  </ItemGroup>
  <ItemGroup>
    <ClInclude Include="..\include\CGridListCtrl\CGridColumnTrait.h">
      <Filter>Header Files</Filter>
    </ClInclude>
    <ClInclude Include="..\include\CGridListCtrl\CGridColumnTraitCombo.h">
      <Filter>Header Files</Filter>
    </ClInclude>
    <ClInclude Include="..\include\CGridListCtrl\CGridColumnTraitDateTime.h">
      <Filter>Header Files</Filter>
    </ClInclude>
    <ClInclude Include="..\include\CGridListCtrl\CGridColumnTraitEdit.h">
      <Filter>Header Files</Filter>
    </ClInclude>
    <ClInclude Include="..\include\CGridListCtrl\CGridColumnTraitImage.h">
      <Filter>Header Files</Filter>
    </ClInclude>
    <ClInclude Include="..\include\CGridListCtrl\CGridColumnTraitText.h">
      <Filter>Header Files</Filter>
    </ClInclude>
    <ClInclude Include="..\include\CGridListCtrl\CGridColumnTraitVisitor.h">
      <Filter>Header Files</Filter>
    </ClInclude>
    <ClInclude Include="..\include\CGridListCtrl\CGridListCtrl.h">
      <Filter>Header Files</Filter>
    </ClInclude>
    <ClInclude Include="..\include\CGridListCtrl\CGridListCtrlEx.h">
      <Filter>Header Files</Filter>
    </ClInclude>
    <ClInclude Include="..\include\CGridListCtrl\CGridListCtrlGroups.h">
      <Filter>Header Files</Filter>
    </ClInclude>
    <ClInclude Include="..\include\CGridListCtrl\CGridRowTrait.h">
      <Filter>Header Files</Filter>
    </ClInclude>
    <ClInclude Include="..\include\CGridListCtrl\CGridRowTraitText.h">
      <Filter>Header Files</Filter>
    </ClInclude>
    <ClInclude Include="..\include\CGridListCtrl\CGridRowTraitVisitor.h">
      <Filter>Header Files</Filter>
    </ClInclude>
    <ClInclude Include="..\include\CGridListCtrl\CGridRowTraitXP.h">
      <Filter>Header Files</Filter>
    </ClInclude>
    <ClInclude Include="..\include\CGridListCtrl\CListCtrl_DataModel.h">
      <Filter>Header Files</Filter>
    </ClInclude>
    <ClInclude Include="..\include\CGridListCtrl\stdafx.h">
      <Filter>Header Files</Filter>
    </ClInclude>
    <ClInclude Include="..\include\CGridListCtrl\ViewConfigSection.h">
      <Filter>Header Files</Filter>
    </ClInclude>
    <ClInclude Include="..\include\CGridListCtrl\Imports.h">
      <Filter>Header Files</Filter>
    </ClInclude>
    <ClInclude Include="Resource.h">
      <Filter>Header Files</Filter>
    </ClInclude>
    <ClInclude Include="targetver.h">
      <Filter>Header Files</Filter>
    </ClInclude>
  </ItemGroup>
</Project>